
Microsoft Visual Studio Solution File, Format Version 12.00
# Visual Studio Version 17
VisualStudioVersion = 17.6.33829.357
MinimumVisualStudioVersion = 10.0.40219.1
Project("{FAE04EC0-301F-11D3-BF4B-00C04F79EFBC}") = "LogAnalyzerApi", "LogAnalyzerApi\LogAnalyzerApi.csproj", "{E0F14061-C67E-4091-9B25-4F720156D60A}"
EndProject
Global
	GlobalSection(SolutionConfigurationPlatforms) = preSolution
		Debug|Any CPU = Debug|Any CPU
		Release|Any CPU = Release|Any CPU
	EndGlobalSection
	GlobalSection(ProjectConfigurationPlatforms) = postSolution
		{E0F14061-C67E-4091-9B25-4F720156D60A}.Debug|Any CPU.ActiveCfg = Debug|Any CPU
		{E0F14061-C67E-4091-9B25-4F720156D60A}.Debug|Any CPU.Build.0 = Debug|Any CPU
		{E0F14061-C67E-4091-9B25-4F720156D60A}.Release|Any CPU.ActiveCfg = Release|Any CPU
		{E0F14061-C67E-4091-9B25-4F720156D60A}.Release|Any CPU.Build.0 = Release|Any CPU
	EndGlobalSection
	GlobalSection(SolutionProperties) = preSolution
		HideSolutionNode = FALSE
	EndGlobalSection
	GlobalSection(ExtensibilityGlobals) = postSolution
		SolutionGuid = {B47672DB-59F7-4FF2-A664-9107F945465D}
	EndGlobalSection
EndGlobal
